
Microsoft Visual Studio Solution File, Format Version 12.00
# Visual Studio Version 17
VisualStudioVersion = 17.7.34221.43
MinimumVisualStudioVersion = 10.0.40219.1
Project("{9A19103F-16F7-4668-BE54-9A1E7A4F7556}") = "LIBRARY-MANAGEMENT-SYSTEM", "LIBRARY-MANAGEMENT-SYSTEM.csproj", "{B9BF6AEA-B016-4C5A-9F48-79159025C5EE}"
EndProject
Global
	GlobalSection(SolutionConfigurationPlatforms) = preSolution
		Debug|Any CPU = Debug|Any CPU
		Release|Any CPU = Release|Any CPU
	EndGlobalSection
	GlobalSection(ProjectConfigurationPlatforms) = postSolution
		{B9BF6AEA-B016-4C5A-9F48-79159025C5EE}.Debug|Any CPU.ActiveCfg = Debug|Any CPU
		{B9BF6AEA-B016-4C5A-9F48-79159025C5EE}.Debug|Any CPU.Build.0 = Debug|Any CPU
		{B9BF6AEA-B016-4C5A-9F48-79159025C5EE}.Release|Any CPU.ActiveCfg = Release|Any CPU
		{B9BF6AEA-B016-4C5A-9F48-79159025C5EE}.Release|Any CPU.Build.0 = Release|Any CPU
	EndGlobalSection
	GlobalSection(SolutionProperties) = preSolution
		HideSolutionNode = FALSE
	EndGlobalSection
	GlobalSection(ExtensibilityGlobals) = postSolution
		SolutionGuid = {F9F06FB3-5EB5-4099-8CB8-A858F1C5DD61}
	EndGlobalSection
EndGlobal
